Microsoft Visual Studio Solution File, Format Version 11.00
# Visual Studio 2008

Project("{A20855C4-04F8-9B18-01B8-0994092DA8E2}") = "FruitMachine2", "Assembly-CSharp-firstpass.csproj", "{482DDE14-2001-5C48-9771-685A378FA28A}"
EndProject
Project("{A20855C4-04F8-9B18-01B8-0994092DA8E2}") = "FruitMachine2", "Assembly-CSharp.csproj", "{AF70E9B7-99B2-7703-5250-4C2CF38EDC88}"
EndProject
Project("{A20855C4-04F8-9B18-01B8-0994092DA8E2}") = "FruitMachine2", "Assembly-UnityScript-firstpass.unityproj", "{31936B97-AB75-F2D6-F21F-78DFC0A17D02}"
EndProject
Global
	GlobalSection(SolutionConfigurationPlatforms) = preSolution
		Debug|Any CPU = Debug|Any CPU
		Release|Any CPU = Release|Any CPU
	EndGlobalSection
	GlobalSection(ProjectConfigurationPlatforms) = postSolution
		{482DDE14-2001-5C48-9771-685A378FA28A}.Debug|Any CPU.ActiveCfg = Debug|Any CPU
		{482DDE14-2001-5C48-9771-685A378FA28A}.Debug|Any CPU.Build.0 = Debug|Any CPU
		{482DDE14-2001-5C48-9771-685A378FA28A}.Release|Any CPU.ActiveCfg = Release|Any CPU
		{482DDE14-2001-5C48-9771-685A378FA28A}.Release|Any CPU.Build.0 = Release|Any CPU
		{AF70E9B7-99B2-7703-5250-4C2CF38EDC88}.Debug|Any CPU.ActiveCfg = Debug|Any CPU
		{AF70E9B7-99B2-7703-5250-4C2CF38EDC88}.Debug|Any CPU.Build.0 = Debug|Any CPU
		{AF70E9B7-99B2-7703-5250-4C2CF38EDC88}.Release|Any CPU.ActiveCfg = Release|Any CPU
		{AF70E9B7-99B2-7703-5250-4C2CF38EDC88}.Release|Any CPU.Build.0 = Release|Any CPU
		{31936B97-AB75-F2D6-F21F-78DFC0A17D02}.Debug|Any CPU.ActiveCfg = Debug|Any CPU
		{31936B97-AB75-F2D6-F21F-78DFC0A17D02}.Debug|Any CPU.Build.0 = Debug|Any CPU
		{31936B97-AB75-F2D6-F21F-78DFC0A17D02}.Release|Any CPU.ActiveCfg = Release|Any CPU
		{31936B97-AB75-F2D6-F21F-78DFC0A17D02}.Release|Any CPU.Build.0 = Release|Any CPU
	EndGlobalSection
	GlobalSection(SolutionProperties) = preSolution
		HideSolutionNode = FALSE
	EndGlobalSection
																														GlobalSection(MonoDevelopProperties) = preSolution
		StartupItem = Assembly-CSharp.csproj
		Policies = $0
		$0.TextStylePolicy = $1
		$1.inheritsSet = null
		$1.scope = text/x-csharp
		$0.CSharpFormattingPolicy = $2
		$2.inheritsSet = Mono
		$2.inheritsScope = text/x-csharp
		$2.scope = text/x-csharp
		$0.TextStylePolicy = $3
		$3.FileWidth = 120
		$3.TabWidth = 4
		$3.EolMarker = Unix
		$3.inheritsSet = Mono
		$3.inheritsScope = text/plain
		$3.scope = text/plain
	EndGlobalSection

EndGlobal
